
Microsoft Visual Studio Solution File, Format Version 12.00
# Visual Studio 15
Project("{FAE04EC0-301F-11D3-BF4B-00C04F79EFBC}") = "WaterSystem", "WaterSystem.csproj", "{54CDE071-635B-677B-3EC2-FCD3B1481B4F}"
EndProject
Project("{FAE04EC0-301F-11D3-BF4B-00C04F79EFBC}") = "Assembly-CSharp", "Assembly-CSharp.csproj", "{D65E7AA3-F655-73F6-6E63-B0F4EA119EEC}"
EndProject
Project("{FAE04EC0-301F-11D3-BF4B-00C04F79EFBC}") = "WaterSystem.Editor", "WaterSystem.Editor.csproj", "{258E3466-F237-0E84-E0A9-2B5FE014AA86}"
EndProject
Project("{FAE04EC0-301F-11D3-BF4B-00C04F79EFBC}") = "Assembly-CSharp-Editor", "Assembly-CSharp-Editor.csproj", "{1FB3325C-BB75-5844-723F-22D7B011B6A9}"
EndProject
Global
	GlobalSection(SolutionConfigurationPlatforms) = preSolution
		Debug|Any CPU = Debug|Any CPU
		Release|Any CPU = Release|Any CPU
	EndGlobalSection
	GlobalSection(ProjectConfigurationPlatforms) = postSolution
		{54CDE071-635B-677B-3EC2-FCD3B1481B4F}.Debug|Any CPU.ActiveCfg = Debug|Any CPU
		{54CDE071-635B-677B-3EC2-FCD3B1481B4F}.Debug|Any CPU.Build.0 = Debug|Any CPU
		{54CDE071-635B-677B-3EC2-FCD3B1481B4F}.Release|Any CPU.ActiveCfg = Release|Any CPU
		{54CDE071-635B-677B-3EC2-FCD3B1481B4F}.Release|Any CPU.Build.0 = Release|Any CPU
		{D65E7AA3-F655-73F6-6E63-B0F4EA119EEC}.Debug|Any CPU.ActiveCfg = Debug|Any CPU
		{D65E7AA3-F655-73F6-6E63-B0F4EA119EEC}.Debug|Any CPU.Build.0 = Debug|Any CPU
		{D65E7AA3-F655-73F6-6E63-B0F4EA119EEC}.Release|Any CPU.ActiveCfg = Release|Any CPU
		{D65E7AA3-F655-73F6-6E63-B0F4EA119EEC}.Release|Any CPU.Build.0 = Release|Any CPU
		{258E3466-F237-0E84-E0A9-2B5FE014AA86}.Debug|Any CPU.ActiveCfg = Debug|Any CPU
		{258E3466-F237-0E84-E0A9-2B5FE014AA86}.Debug|Any CPU.Build.0 = Debug|Any CPU
		{258E3466-F237-0E84-E0A9-2B5FE014AA86}.Release|Any CPU.ActiveCfg = Release|Any CPU
		{258E3466-F237-0E84-E0A9-2B5FE014AA86}.Release|Any CPU.Build.0 = Release|Any CPU
		{1FB3325C-BB75-5844-723F-22D7B011B6A9}.Debug|Any CPU.ActiveCfg = Debug|Any CPU
		{1FB3325C-BB75-5844-723F-22D7B011B6A9}.Debug|Any CPU.Build.0 = Debug|Any CPU
		{1FB3325C-BB75-5844-723F-22D7B011B6A9}.Release|Any CPU.ActiveCfg = Release|Any CPU
		{1FB3325C-BB75-5844-723F-22D7B011B6A9}.Release|Any CPU.Build.0 = Release|Any CPU
	EndGlobalSection
	GlobalSection(SolutionProperties) = preSolution
		HideSolutionNode = FALSE
	EndGlobalSection
EndGlobal
